// !$*UTF8*$!
{
	archiveVersion = 1;
	classes = {
	};
	objectVersion = 56;
	objects = {

/* Begin PBXBuildFile section */
		76359FF62DBEC6CD00D4ADC0 /* IdentifiableImage.swift in Sources */ = {isa = PBXBuildFile; fileRef = 76359FF52DBEC6C800D4ADC0 /* IdentifiableImage.swift */; };
		76359FF82DBECF2A00D4ADC0 /* HttpRequester.swift in Sources */ = {isa = PBXBuildFile; fileRef = 76359FF72DBECF0600D4ADC0 /* HttpRequester.swift */; };
		7641E2502DED08B9001A1E49 /* SquareImageView.swift in Sources */ = {isa = PBXBuildFile; fileRef = 7641E24F2DED08B9001A1E49 /* SquareImageView.swift */; };
		7641E2512DED08B9001A1E49 /* DataModel.swift in Sources */ = {isa = PBXBuildFile; fileRef = 7641E24E2DED08B9001A1E49 /* DataModel.swift */; };
		7641E2522DED08B9001A1E49 /* PhotoSelectorView.swift in Sources */ = {isa = PBXBuildFile; fileRef = 7641E24D2DED08B9001A1E49 /* PhotoSelectorView.swift */; };
		76F33D3A2DED094F00696AFA /* PhotoPickerLaunchButton.swift in Sources */ = {isa = PBXBuildFile; fileRef = 76F33D392DED094F00696AFA /* PhotoPickerLaunchButton.swift */; };
		D20E9D7E281F43B500957AC3 /* PhotosPickerExampleApp.swift in Sources */ = {isa = PBXBuildFile; fileRef = D20E9D7D281F43B500957AC3 /* PhotosPickerExampleApp.swift */; };
		D20E9D82281F43B600957AC3 /* Assets.xcassets in Resources */ = {isa = PBXBuildFile; fileRef = D20E9D81281F43B600957AC3 /* Assets.xcassets */; };
		F094D7632885AE43007F2E34 /* README.md in Resources */ = {isa = PBXBuildFile; fileRef = F094D7622885AE43007F2E34 /* README.md */; };
/* End PBXBuildFile section */

/* Begin PBXFileReference section */
		76359FF52DBEC6C800D4ADC0 /* IdentifiableImage.swift */ = {isa = PBXFileReference; lastKnownFileType = sourcecode.swift; path = IdentifiableImage.swift; sourceTree = "<group>"; };
		76359FF72DBECF0600D4ADC0 /* HttpRequester.swift */ = {isa = PBXFileReference; lastKnownFileType = sourcecode.swift; path = HttpRequester.swift; sourceTree = "<group>"; };
		7641E24D2DED08B9001A1E49 /* PhotoSelectorView.swift */ = {isa = PBXFileReference; lastKnownFileType = sourcecode.swift; path = PhotoSelectorView.swift; sourceTree = "<group>"; };
		7641E24E2DED08B9001A1E49 /* DataModel.swift */ = {isa = PBXFileReference; lastKnownFileType = sourcecode.swift; path = DataModel.swift; sourceTree = "<group>"; };
		7641E24F2DED08B9001A1E49 /* SquareImageView.swift */ = {isa = PBXFileReference; lastKnownFileType = sourcecode.swift; path = SquareImageView.swift; sourceTree = "<group>"; };
		76F33D392DED094F00696AFA /* PhotoPickerLaunchButton.swift */ = {isa = PBXFileReference; lastKnownFileType = sourcecode.swift; path = PhotoPickerLaunchButton.swift; sourceTree = "<group>"; };
		9461C499DE4C57F3DE71DB16 /* LICENSE.txt */ = {isa = PBXFileReference; includeInIndex = 1; lastKnownFileType = text; path = LICENSE.txt; sourceTree = "<group>"; };
		D20E9D7A281F43B500957AC3 /* PhotoBackupApp.app */ = {isa = PBXFileReference; explicitFileType = wrapper.application; includeInIndex = 0; path = PhotoBackupApp.app; sourceTree = BUILT_PRODUCTS_DIR; };
		D20E9D7D281F43B500957AC3 /* PhotosPickerExampleApp.swift */ = {isa = PBXFileReference; lastKnownFileType = sourcecode.swift; path = PhotosPickerExampleApp.swift; sourceTree = "<group>"; };
		D20E9D81281F43B600957AC3 /* Assets.xcassets */ = {isa = PBXFileReference; lastKnownFileType = folder.assetcatalog; path = Assets.xcassets; sourceTree = "<group>"; };
		D20E9D83281F43B600957AC3 /* PhotoBackupApp.entitlements */ = {isa = PBXFileReference; lastKnownFileType = text.plist.entitlements; path = PhotoBackupApp.entitlements; sourceTree = "<group>"; };
		E964DB7DCC0E3B0B56B5DD56 /* SampleCode.xcconfig */ = {isa = PBXFileReference; lastKnownFileType = text.xcconfig; name = SampleCode.xcconfig; path = Configuration/SampleCode.xcconfig; sourceTree = "<group>"; };
		F094D7622885AE43007F2E34 /* README.md */ = {isa = PBXFileReference; fileEncoding = 4; lastKnownFileType = net.daringfireball.markdown; path = README.md; sourceTree = "<group>"; };
/* End PBXFileReference section */

/* Begin PBXFrameworksBuildPhase section */
		D20E9D77281F43B500957AC3 /* Frameworks */ = {
			isa = PBXFrameworksBuildPhase;
			buildActionMask = 2147483647;
			files = (
			);
			runOnlyForDeploymentPostprocessing = 0;
		};
/* End PBXFrameworksBuildPhase section */

/* Begin PBXGroup section */
		688DE6C2E3CBDAFAB2A6A552 /* Configuration */ = {
			isa = PBXGroup;
			children = (
				E964DB7DCC0E3B0B56B5DD56 /* SampleCode.xcconfig */,
			);
			name = Configuration;
			sourceTree = "<group>";
		};
		BE8220640885AB3C76734044 /* LICENSE */ = {
			isa = PBXGroup;
			children = (
				9461C499DE4C57F3DE71DB16 /* LICENSE.txt */,
			);
			name = LICENSE;
			sourceTree = "<group>";
		};
		D20E9D71281F43B500957AC3 = {
			isa = PBXGroup;
			children = (
				F094D7622885AE43007F2E34 /* README.md */,
				D20E9D7C281F43B500957AC3 /* PhotoBackupApp */,
				D20E9D7B281F43B500957AC3 /* Products */,
				688DE6C2E3CBDAFAB2A6A552 /* Configuration */,
				BE8220640885AB3C76734044 /* LICENSE */,
			);
			sourceTree = "<group>";
		};
		D20E9D7B281F43B500957AC3 /* Products */ = {
			isa = PBXGroup;
			children = (
				D20E9D7A281F43B500957AC3 /* PhotoBackupApp.app */,
			);
			name = Products;
			sourceTree = "<group>";
		};
		D20E9D7C281F43B500957AC3 /* PhotoBackupApp */ = {
			isa = PBXGroup;
			children = (
				7641E24D2DED08B9001A1E49 /* PhotoSelectorView.swift */,
				7641E24E2DED08B9001A1E49 /* DataModel.swift */,
				7641E24F2DED08B9001A1E49 /* SquareImageView.swift */,
				76F33D392DED094F00696AFA /* PhotoPickerLaunchButton.swift */,
				76359FF72DBECF0600D4ADC0 /* HttpRequester.swift */,
				76359FF52DBEC6C800D4ADC0 /* IdentifiableImage.swift */,
				D20E9D7D281F43B500957AC3 /* PhotosPickerExampleApp.swift */,
				D2306126281FCF1D00EBAE1F /* Supporting Files */,
			);
			path = PhotoBackupApp;
			sourceTree = "<group>";
		};
		D2306126281FCF1D00EBAE1F /* Supporting Files */ = {
			isa = PBXGroup;
			children = (
				D20E9D81281F43B600957AC3 /* Assets.xcassets */,
				D20E9D83281F43B600957AC3 /* PhotoBackupApp.entitlements */,
			);
			path = "Supporting Files";
			sourceTree = "<group>";
		};
/* End PBXGroup section */

/* Begin PBXNativeTarget section */
		D20E9D79281F43B500957AC3 /* PhotoBackupApp */ = {
			isa = PBXNativeTarget;
			buildConfigurationList = D20E9D89281F43B600957AC3 /* Build configuration list for PBXNativeTarget "PhotoBackupApp" */;
			buildPhases = (
				D20E9D76281F43B500957AC3 /* Sources */,
				D20E9D77281F43B500957AC3 /* Frameworks */,
				D20E9D78281F43B500957AC3 /* Resources */,
			);
			buildRules = (
			);
			dependencies = (
			);
			name = PhotoBackupApp;
			productName = PhotosPickerDemo;
			productReference = D20E9D7A281F43B500957AC3 /* PhotoBackupApp.app */;
			productType = "com.apple.product-type.application";
		};
/* End PBXNativeTarget section */

/* Begin PBXProject section */
		D20E9D72281F43B500957AC3 /* Project object */ = {
			isa = PBXProject;
			attributes = {
				BuildIndependentTargetsInParallel = 1;
				LastSwiftUpdateCheck = 1400;
				LastUpgradeCheck = 1400;
				ORGANIZATIONNAME = Apple;
				TargetAttributes = {
					D20E9D79281F43B500957AC3 = {
						CreatedOnToolsVersion = 14.0;
					};
				};
			};
			buildConfigurationList = D20E9D75281F43B500957AC3 /* Build configuration list for PBXProject "PhotoBackup" */;
			compatibilityVersion = "Xcode 14.0";
			developmentRegion = en;
			hasScannedForEncodings = 0;
			knownRegions = (
				en,
				Base,
			);
			mainGroup = D20E9D71281F43B500957AC3;
			productRefGroup = D20E9D7B281F43B500957AC3 /* Products */;
			projectDirPath = "";
			projectRoot = "";
			targets = (
				D20E9D79281F43B500957AC3 /* PhotoBackupApp */,
			);
		};
/* End PBXProject section */

/* Begin PBXResourcesBuildPhase section */
		D20E9D78281F43B500957AC3 /* Resources */ = {
			isa = PBXResourcesBuildPhase;
			buildActionMask = 2147483647;
			files = (
				F094D7632885AE43007F2E34 /* README.md in Resources */,
				D20E9D82281F43B600957AC3 /* Assets.xcassets in Resources */,
			);
			runOnlyForDeploymentPostprocessing = 0;
		};
/* End PBXResourcesBuildPhase section */

/* Begin PBXSourcesBuildPhase section */
		D20E9D76281F43B500957AC3 /* Sources */ = {
			isa = PBXSourcesBuildPhase;
			buildActionMask = 2147483647;
			files = (
				76F33D3A2DED094F00696AFA /* PhotoPickerLaunchButton.swift in Sources */,
				7641E2502DED08B9001A1E49 /* SquareImageView.swift in Sources */,
				7641E2512DED08B9001A1E49 /* DataModel.swift in Sources */,
				7641E2522DED08B9001A1E49 /* PhotoSelectorView.swift in Sources */,
				76359FF62DBEC6CD00D4ADC0 /* IdentifiableImage.swift in Sources */,
				D20E9D7E281F43B500957AC3 /* PhotosPickerExampleApp.swift in Sources */,
				76359FF82DBECF2A00D4ADC0 /* HttpRequester.swift in Sources */,
			);
			runOnlyForDeploymentPostprocessing = 0;
		};
/* End PBXSourcesBuildPhase section */

/* Begin XCBuildConfiguration section */
		D20E9D87281F43B600957AC3 /* Debug */ = {
			isa = XCBuildConfiguration;
			baseConfigurationReference = E964DB7DCC0E3B0B56B5DD56 /* SampleCode.xcconfig */;
			buildSettings = {
				ALWAYS_SEARCH_USER_PATHS = NO;
				CLANG_ANALYZER_NONNULL = YES;
				CLANG_ANALYZER_NUMBER_OBJECT_CONVERSION = YES_AGGRESSIVE;
				CLANG_CXX_LANGUAGE_STANDARD = "gnu++17";
				CLANG_ENABLE_MODULES = YES;
				CLANG_ENABLE_OBJC_ARC = YES;
				CLANG_ENABLE_OBJC_WEAK = YES;
				CLANG_WARN_BLOCK_CAPTURE_AUTORELEASING = YES;
				CLANG_WARN_BOOL_CONVERSION = YES;
				CLANG_WARN_COMMA = YES;
				CLANG_WARN_CONSTANT_CONVERSION = YES;
				CLANG_WARN_DEPRECATED_OBJC_IMPLEMENTATIONS = YES;
				CLANG_WARN_DIRECT_OBJC_ISA_USAGE = YES_ERROR;
				CLANG_WARN_DOCUMENTATION_COMMENTS = YES;
				CLANG_WARN_EMPTY_BODY = YES;
				CLANG_WARN_ENUM_CONVERSION = YES;
				CLANG_WARN_INFINITE_RECURSION = YES;
				CLANG_WARN_INT_CONVERSION = YES;
				CLANG_WARN_NON_LITERAL_NULL_CONVERSION = YES;
				CLANG_WARN_OBJC_IMPLICIT_RETAIN_SELF = YES;
				CLANG_WARN_OBJC_LITERAL_CONVERSION = YES;
				CLANG_WARN_OBJC_ROOT_CLASS = YES_ERROR;
				CLANG_WARN_QUOTED_INCLUDE_IN_FRAMEWORK_HEADER = YES;
				CLANG_WARN_RANGE_LOOP_ANALYSIS = YES;
				CLANG_WARN_STRICT_PROTOTYPES = YES;
				CLANG_WARN_SUSPICIOUS_MOVE = YES;
				CLANG_WARN_UNGUARDED_AVAILABILITY = YES_AGGRESSIVE;
				CLANG_WARN_UNREACHABLE_CODE = YES;
				CLANG_WARN__DUPLICATE_METHOD_MATCH = YES;
				COPY_PHASE_STRIP = NO;
				DEBUG_INFORMATION_FORMAT = dwarf;
				ENABLE_STRICT_OBJC_MSGSEND = YES;
				ENABLE_TESTABILITY = YES;
				GCC_C_LANGUAGE_STANDARD = gnu11;
				GCC_DYNAMIC_NO_PIC = NO;
				GCC_NO_COMMON_BLOCKS = YES;
				GCC_OPTIMIZATION_LEVEL = 0;
				GCC_PREPROCESSOR_DEFINITIONS = (
					"DEBUG=1",
					"$(inherited)",
				);
				GCC_WARN_64_TO_32_BIT_CONVERSION = YES;
				GCC_WARN_ABOUT_RETURN_TYPE = YES_ERROR;
				GCC_WARN_UNDECLARED_SELECTOR = YES;
				GCC_WARN_UNINITIALIZED_AUTOS = YES_AGGRESSIVE;
				GCC_WARN_UNUSED_FUNCTION = YES;
				GCC_WARN_UNUSED_VARIABLE = YES;
				MTL_ENABLE_DEBUG_INFO = INCLUDE_SOURCE;
				MTL_FAST_MATH = YES;
				ONLY_ACTIVE_ARCH = YES;
				SWIFT_ACTIVE_COMPILATION_CONDITIONS = DEBUG;
				SWIFT_OPTIMIZATION_LEVEL = "-Onone";
			};
			name = Debug;
		};
		D20E9D88281F43B600957AC3 /* Release */ = {
			isa = XCBuildConfiguration;
			baseConfigurationReference = E964DB7DCC0E3B0B56B5DD56 /* SampleCode.xcconfig */;
			buildSettings = {
				ALWAYS_SEARCH_USER_PATHS = NO;
				CLANG_ANALYZER_NONNULL = YES;
				CLANG_ANALYZER_NUMBER_OBJECT_CONVERSION = YES_AGGRESSIVE;
				CLANG_CXX_LANGUAGE_STANDARD = "gnu++17";
				CLANG_ENABLE_MODULES = YES;
				CLANG_ENABLE_OBJC_ARC = YES;
				CLANG_ENABLE_OBJC_WEAK = YES;
				CLANG_WARN_BLOCK_CAPTURE_AUTORELEASING = YES;
				CLANG_WARN_BOOL_CONVERSION = YES;
				CLANG_WARN_COMMA = YES;
				CLANG_WARN_CONSTANT_CONVERSION = YES;
				CLANG_WARN_DEPRECATED_OBJC_IMPLEMENTATIONS = YES;
				CLANG_WARN_DIRECT_OBJC_ISA_USAGE = YES_ERROR;
				CLANG_WARN_DOCUMENTATION_COMMENTS = YES;
				CLANG_WARN_EMPTY_BODY = YES;
				CLANG_WARN_ENUM_CONVERSION = YES;
				CLANG_WARN_INFINITE_RECURSION = YES;
				CLANG_WARN_INT_CONVERSION = YES;
				CLANG_WARN_NON_LITERAL_NULL_CONVERSION = YES;
				CLANG_WARN_OBJC_IMPLICIT_RETAIN_SELF = YES;
				CLANG_WARN_OBJC_LITERAL_CONVERSION = YES;
				CLANG_WARN_OBJC_ROOT_CLASS = YES_ERROR;
				CLANG_WARN_QUOTED_INCLUDE_IN_FRAMEWORK_HEADER = YES;
				CLANG_WARN_RANGE_LOOP_ANALYSIS = YES;
				CLANG_WARN_STRICT_PROTOTYPES = YES;
				CLANG_WARN_SUSPICIOUS_MOVE = YES;
				CLANG_WARN_UNGUARDED_AVAILABILITY = YES_AGGRESSIVE;
				CLANG_WARN_UNREACHABLE_CODE = YES;
				CLANG_WARN__DUPLICATE_METHOD_MATCH = YES;
				COPY_PHASE_STRIP = NO;
				DEBUG_INFORMATION_FORMAT = "dwarf-with-dsym";
				ENABLE_NS_ASSERTIONS = NO;
				ENABLE_STRICT_OBJC_MSGSEND = YES;
				GCC_C_LANGUAGE_STANDARD = gnu11;
				GCC_NO_COMMON_BLOCKS = YES;
				GCC_WARN_64_TO_32_BIT_CONVERSION = YES;
				GCC_WARN_ABOUT_RETURN_TYPE = YES_ERROR;
				GCC_WARN_UNDECLARED_SELECTOR = YES;
				GCC_WARN_UNINITIALIZED_AUTOS = YES_AGGRESSIVE;
				GCC_WARN_UNUSED_FUNCTION = YES;
				GCC_WARN_UNUSED_VARIABLE = YES;
				MTL_ENABLE_DEBUG_INFO = NO;
				MTL_FAST_MATH = YES;
				SWIFT_COMPILATION_MODE = wholemodule;
				SWIFT_OPTIMIZATION_LEVEL = "-O";
			};
			name = Release;
		};
		D20E9D8A281F43B600957AC3 /* Debug */ = {
			isa = XCBuildConfiguration;
			baseConfigurationReference = E964DB7DCC0E3B0B56B5DD56 /* SampleCode.xcconfig */;
			buildSettings = {
				ALLOW_TARGET_PLATFORM_SPECIALIZATION = YES;
				ASSETCATALOG_COMPILER_APPICON_NAME = AppIcon;
				ASSETCATALOG_COMPILER_GLOBAL_ACCENT_COLOR_NAME = AccentColor;
				CODE_SIGN_ENTITLEMENTS = "PhotoBackupApp/Supporting Files/PhotoBackupApp.entitlements";
				CODE_SIGN_IDENTITY = "Apple Development";
				"CODE_SIGN_IDENTITY[sdk=macosx*]" = "-";
				CODE_SIGN_STYLE = Automatic;
				CURRENT_PROJECT_VERSION = 1;
				DEVELOPMENT_TEAM = P2D65V6Z4Y;
				ENABLE_PREVIEWS = YES;
				ENABLE_USER_SCRIPT_SANDBOXING = YES;
				GENERATE_INFOPLIST_FILE = YES;
				"INFOPLIST_KEY_UILaunchScreen_Generation[sdk=iphone*]" = YES;
				INFOPLIST_KEY_UISupportedInterfaceOrientations = "UIInterfaceOrientationLandscapeLeft UIInterfaceOrientationLandscapeRight UIInterfaceOrientationPortrait UIInterfaceOrientationPortraitUpsideDown";
				INFOPLIST_KEY_WKCompanionAppBundleIdentifier = com.appledemo.PhotosPickerDemo;
				LD_RUNPATH_SEARCH_PATHS = "@executable_path/Frameworks";
				"LD_RUNPATH_SEARCH_PATHS[sdk=macosx*]" = "@executable_path/../Frameworks";
				MARKETING_VERSION = 1.0;
				PRODUCT_BUNDLE_IDENTIFIER = "com.example.apple-samplecode.PhotoBackup--SAMPLE-CODE-DISAMBIGUATOR-";
				"PRODUCT_BUNDLE_IDENTIFIER[sdk=watch*]" = com.appledemo.PhotosPickerExample.Watch;
				PRODUCT_NAME = "$(TARGET_NAME)";
				PROVISIONING_PROFILE_SPECIFIER = "";
				SDKROOT = auto;
				SUPPORTED_PLATFORMS = "iphonesimulator iphoneos";
				SUPPORTS_MACCATALYST = NO;
				SUPPORTS_MAC_DESIGNED_FOR_IPHONE_IPAD = NO;
				SWIFT_EMIT_LOC_STRINGS = YES;
				SWIFT_VERSION = 5.0;
				TARGETED_DEVICE_FAMILY = "1,2,4";
			};
			name = Debug;
		};
		D20E9D8B281F43B600957AC3 /* Release */ = {
			isa = XCBuildConfiguration;
			baseConfigurationReference = E964DB7DCC0E3B0B56B5DD56 /* SampleCode.xcconfig */;
			buildSettings = {
				ALLOW_TARGET_PLATFORM_SPECIALIZATION = YES;
				ASSETCATALOG_COMPILER_APPICON_NAME = AppIcon;
				ASSETCATALOG_COMPILER_GLOBAL_ACCENT_COLOR_NAME = AccentColor;
				CODE_SIGN_ENTITLEMENTS = "PhotoBackupApp/Supporting Files/PhotoBackupApp.entitlements";
				CODE_SIGN_IDENTITY = "Apple Development";
				"CODE_SIGN_IDENTITY[sdk=macosx*]" = "-";
				CODE_SIGN_STYLE = Automatic;
				CURRENT_PROJECT_VERSION = 1;
				DEVELOPMENT_TEAM = P2D65V6Z4Y;
				ENABLE_PREVIEWS = YES;
				ENABLE_USER_SCRIPT_SANDBOXING = YES;
				GENERATE_INFOPLIST_FILE = YES;
				"INFOPLIST_KEY_UILaunchScreen_Generation[sdk=iphone*]" = YES;
				INFOPLIST_KEY_UISupportedInterfaceOrientations = "UIInterfaceOrientationLandscapeLeft UIInterfaceOrientationLandscapeRight UIInterfaceOrientationPortrait UIInterfaceOrientationPortraitUpsideDown";
				INFOPLIST_KEY_WKCompanionAppBundleIdentifier = com.appledemo.PhotosPickerDemo;
				LD_RUNPATH_SEARCH_PATHS = "@executable_path/Frameworks";
				"LD_RUNPATH_SEARCH_PATHS[sdk=macosx*]" = "@executable_path/../Frameworks";
				MARKETING_VERSION = 1.0;
				PRODUCT_BUNDLE_IDENTIFIER = "com.example.apple-samplecode.PhotoBackup--SAMPLE-CODE-DISAMBIGUATOR-";
				"PRODUCT_BUNDLE_IDENTIFIER[sdk=watch*]" = com.appledemo.PhotosPickerExample.Watch;
				PRODUCT_NAME = "$(TARGET_NAME)";
				PROVISIONING_PROFILE_SPECIFIER = "";
				SDKROOT = auto;
				SUPPORTED_PLATFORMS = "iphonesimulator iphoneos";
				SUPPORTS_MACCATALYST = NO;
				SUPPORTS_MAC_DESIGNED_FOR_IPHONE_IPAD = NO;
				SWIFT_EMIT_LOC_STRINGS = YES;
				SWIFT_VERSION = 5.0;
				TARGETED_DEVICE_FAMILY = "1,2,4";
			};
			name = Release;
		};
/* End XCBuildConfiguration section */

/* Begin XCConfigurationList section */
		D20E9D75281F43B500957AC3 /* Build configuration list for PBXProject "PhotoBackup" */ = {
			isa = XCConfigurationList;
			buildConfigurations = (
				D20E9D87281F43B600957AC3 /* Debug */,
				D20E9D88281F43B600957AC3 /* Release */,
			);
			defaultConfigurationIsVisible = 0;
			defaultConfigurationName = Release;
		};
		D20E9D89281F43B600957AC3 /* Build configuration list for PBXNativeTarget "PhotoBackupApp" */ = {
			isa = XCConfigurationList;
			buildConfigurations = (
				D20E9D8A281F43B600957AC3 /* Debug */,
				D20E9D8B281F43B600957AC3 /* Release */,
			);
			defaultConfigurationIsVisible = 0;
			defaultConfigurationName = Release;
		};
/* End XCConfigurationList section */
	};
	rootObject = D20E9D72281F43B500957AC3 /* Project object */;
}
